
Microsoft Visual Studio Solution File, Format Version 12.00
# Visual Studio Version 16
VisualStudioVersion = 16.0.30907.101
MinimumVisualStudioVersion = 10.0.40219.1
Project("{9A19103F-16F7-4668-BE54-9A1E7A4F7556}") = "Proje01", "Proje01\Proje01.csproj", "{5EB939E9-FDC9-4742-97D8-1BC89139709D}"
EndProject
Project("{9A19103F-16F7-4668-BE54-9A1E7A4F7556}") = "Matematik", "Matematik\Matematik.csproj", "{C3D712E2-3B5B-4238-981D-954558CC22AE}"
EndProject
Project("{9A19103F-16F7-4668-BE54-9A1E7A4F7556}") = "DegerVeReferansTipler", "DegerVeReferansTipler\DegerVeReferansTipler.csproj", "{0CA690E2-6B10-49B3-A74A-25D38A02872D}"
EndProject
Project("{9A19103F-16F7-4668-BE54-9A1E7A4F7556}") = "OOP1", "OOP1\OOP1.csproj", "{7E708D67-C3FF-4D52-8205-0C9B3A55B5ED}"
EndProject
Project("{9A19103F-16F7-4668-BE54-9A1E7A4F7556}") = "Koleksiyonlar", "Koleksiyonlar\Koleksiyonlar.csproj", "{5F2DDA95-989F-4292-9CE7-8ACD0D7619E1}"
EndProject
Project("{9A19103F-16F7-4668-BE54-9A1E7A4F7556}") = "GenericsIntro", "GenericsIntro\GenericsIntro.csproj", "{48E97842-6AA1-4884-9791-ECE8A9B0EA07}"
EndProject
Project("{9A19103F-16F7-4668-BE54-9A1E7A4F7556}") = "OOP2", "OOP2\OOP2.csproj", "{1A7BE15C-6813-4EC2-829A-D62936BDDE0B}"
EndProject
Project("{FAE04EC0-301F-11D3-BF4B-00C04F79EFBC}") = "OOP3", "OOP3\OOP3.csproj", "{DCCB2752-10CC-4E0C-B014-B774846259D8}"
EndProject
Global
	GlobalSection(SolutionConfigurationPlatforms) = preSolution
		Debug|Any CPU = Debug|Any CPU
		Release|Any CPU = Release|Any CPU
	EndGlobalSection
	GlobalSection(ProjectConfigurationPlatforms) = postSolution
		{5EB939E9-FDC9-4742-97D8-1BC89139709D}.Debug|Any CPU.ActiveCfg = Debug|Any CPU
		{5EB939E9-FDC9-4742-97D8-1BC89139709D}.Debug|Any CPU.Build.0 = Debug|Any CPU
		{5EB939E9-FDC9-4742-97D8-1BC89139709D}.Release|Any CPU.ActiveCfg = Release|Any CPU
		{5EB939E9-FDC9-4742-97D8-1BC89139709D}.Release|Any CPU.Build.0 = Release|Any CPU
		{C3D712E2-3B5B-4238-981D-954558CC22AE}.Debug|Any CPU.ActiveCfg = Debug|Any CPU
		{C3D712E2-3B5B-4238-981D-954558CC22AE}.Debug|Any CPU.Build.0 = Debug|Any CPU
		{C3D712E2-3B5B-4238-981D-954558CC22AE}.Release|Any CPU.ActiveCfg = Release|Any CPU
		{C3D712E2-3B5B-4238-981D-954558CC22AE}.Release|Any CPU.Build.0 = Release|Any CPU
		{0CA690E2-6B10-49B3-A74A-25D38A02872D}.Debug|Any CPU.ActiveCfg = Debug|Any CPU
		{0CA690E2-6B10-49B3-A74A-25D38A02872D}.Debug|Any CPU.Build.0 = Debug|Any CPU
		{0CA690E2-6B10-49B3-A74A-25D38A02872D}.Release|Any CPU.ActiveCfg = Release|Any CPU
		{0CA690E2-6B10-49B3-A74A-25D38A02872D}.Release|Any CPU.Build.0 = Release|Any CPU
		{7E708D67-C3FF-4D52-8205-0C9B3A55B5ED}.Debug|Any CPU.ActiveCfg = Debug|Any CPU
		{7E708D67-C3FF-4D52-8205-0C9B3A55B5ED}.Debug|Any CPU.Build.0 = Debug|Any CPU
		{7E708D67-C3FF-4D52-8205-0C9B3A55B5ED}.Release|Any CPU.ActiveCfg = Release|Any CPU
		{7E708D67-C3FF-4D52-8205-0C9B3A55B5ED}.Release|Any CPU.Build.0 = Release|Any CPU
		{5F2DDA95-989F-4292-9CE7-8ACD0D7619E1}.Debug|Any CPU.ActiveCfg = Debug|Any CPU
		{5F2DDA95-989F-4292-9CE7-8ACD0D7619E1}.Debug|Any CPU.Build.0 = Debug|Any CPU
		{5F2DDA95-989F-4292-9CE7-8ACD0D7619E1}.Release|Any CPU.ActiveCfg = Release|Any CPU
		{5F2DDA95-989F-4292-9CE7-8ACD0D7619E1}.Release|Any CPU.Build.0 = Release|Any CPU
		{48E97842-6AA1-4884-9791-ECE8A9B0EA07}.Debug|Any CPU.ActiveCfg = Debug|Any CPU
		{48E97842-6AA1-4884-9791-ECE8A9B0EA07}.Debug|Any CPU.Build.0 = Debug|Any CPU
		{48E97842-6AA1-4884-9791-ECE8A9B0EA07}.Release|Any CPU.ActiveCfg = Release|Any CPU
		{48E97842-6AA1-4884-9791-ECE8A9B0EA07}.Release|Any CPU.Build.0 = Release|Any CPU
		{1A7BE15C-6813-4EC2-829A-D62936BDDE0B}.Debug|Any CPU.ActiveCfg = Debug|Any CPU
		{1A7BE15C-6813-4EC2-829A-D62936BDDE0B}.Debug|Any CPU.Build.0 = Debug|Any CPU
		{1A7BE15C-6813-4EC2-829A-D62936BDDE0B}.Release|Any CPU.ActiveCfg = Release|Any CPU
		{1A7BE15C-6813-4EC2-829A-D62936BDDE0B}.Release|Any CPU.Build.0 = Release|Any CPU
		{DCCB2752-10CC-4E0C-B014-B774846259D8}.Debug|Any CPU.ActiveCfg = Debug|Any CPU
		{DCCB2752-10CC-4E0C-B014-B774846259D8}.Debug|Any CPU.Build.0 = Debug|Any CPU
		{DCCB2752-10CC-4E0C-B014-B774846259D8}.Release|Any CPU.ActiveCfg = Release|Any CPU
		{DCCB2752-10CC-4E0C-B014-B774846259D8}.Release|Any CPU.Build.0 = Release|Any CPU
	EndGlobalSection
	GlobalSection(SolutionProperties) = preSolution
		HideSolutionNode = FALSE
	EndGlobalSection
	GlobalSection(ExtensibilityGlobals) = postSolution
		SolutionGuid = {C9C8EDEE-54C5-42E1-8616-2760AC651FBF}
	EndGlobalSection
EndGlobal
